<Solution>
  <Folder Name="/samples/">
    <Project Path="samples/Invicta.Terrain.LongestSightLines/Invicta.Terrain.LongestSightLines.csproj" />
  </Folder>
  <Folder Name="/src/">
    <Project Path="src/Invicta.Terrain.CommandLine/Invicta.Terrain.CommandLine.csproj" />
    <Project Path="src/Invicta.Terrain/Invicta.Terrain.csproj" />
  </Folder>
  <Folder Name="/tests/">
    <Project Path="tests/Invicta.Terrain.Tests/Invicta.Terrain.Tests.csproj" />
  </Folder>
</Solution>
